
Microsoft Visual Studio Solution File, Format Version 12.00
Project("{FAE04EC0-301F-11D3-BF4B-00C04F79EFBC}") = "Analytics", "Analytics\Analytics.csproj", "{80638245-D409-45EE-A0AC-AD03D02BBFB7}"
EndProject
Project("{2150E333-8FDC-42A3-9474-1A3956D46DE8}") = "Solution Items", "Solution Items", "{C6703107-9074-41BF-8C0B-DC7DE958F306}"
	ProjectSection(SolutionItems) = preProject
		docker-compose.yml = docker-compose.yml
	EndProjectSection
EndProject
Global
	GlobalSection(SolutionConfigurationPlatforms) = preSolution
		Debug|Any CPU = Debug|Any CPU
		Release|Any CPU = Release|Any CPU
	EndGlobalSection
	GlobalSection(ProjectConfigurationPlatforms) = postSolution
		{80638245-D409-45EE-A0AC-AD03D02BBFB7}.Debug|Any CPU.ActiveCfg = Debug|Any CPU
		{80638245-D409-45EE-A0AC-AD03D02BBFB7}.Debug|Any CPU.Build.0 = Debug|Any CPU
		{80638245-D409-45EE-A0AC-AD03D02BBFB7}.Release|Any CPU.ActiveCfg = Release|Any CPU
		{80638245-D409-45EE-A0AC-AD03D02BBFB7}.Release|Any CPU.Build.0 = Release|Any CPU
	EndGlobalSection
EndGlobal
